// !$*UTF8*$!
{
	archiveVersion = 1;
	classes = {
	};
	objectVersion = 55;
	objects = {

/* Begin PBXBuildFile section */
		9747045D27E7EA5000C02F81 /* MultipleProgressBarApp.swift in Sources */ = {isa = PBXBuildFile; fileRef = 9747045C27E7EA5000C02F81 /* MultipleProgressBarApp.swift */; };
		9747045F27E7EA5000C02F81 /* MainView.swift in Sources */ = {isa = PBXBuildFile; fileRef = 9747045E27E7EA5000C02F81 /* MainView.swift */; };
		9747046127E7EA5400C02F81 /* Assets.xcassets in Resources */ = {isa = PBXBuildFile; fileRef = 9747046027E7EA5400C02F81 /* Assets.xcassets */; };
		9747046427E7EA5400C02F81 /* Preview Assets.xcassets in Resources */ = {isa = PBXBuildFile; fileRef = 9747046327E7EA5400C02F81 /* Preview Assets.xcassets */; };
		9747046D27E7F31700C02F81 /* HomeView.swift in Sources */ = {isa = PBXBuildFile; fileRef = 9747046C27E7F31700C02F81 /* HomeView.swift */; };
		9747046F27E7F35C00C02F81 /* HalvedCircularView.swift in Sources */ = {isa = PBXBuildFile; fileRef = 9747046E27E7F35C00C02F81 /* HalvedCircularView.swift */; };
		9747047127E7F38800C02F81 /* CircularProgessView.swift in Sources */ = {isa = PBXBuildFile; fileRef = 9747047027E7F38800C02F81 /* CircularProgessView.swift */; };
		9747047327E7F3AE00C02F81 /* RainbowGaugeView.swift in Sources */ = {isa = PBXBuildFile; fileRef = 9747047227E7F3AE00C02F81 /* RainbowGaugeView.swift */; };
		9747047527E7F3D200C02F81 /* RainbowSpeedMeterView.swift in Sources */ = {isa = PBXBuildFile; fileRef = 9747047427E7F3D200C02F81 /* RainbowSpeedMeterView.swift */; };
		9747047727E7F45E00C02F81 /* LinearGaugeMeterView.swift in Sources */ = {isa = PBXBuildFile; fileRef = 9747047627E7F45E00C02F81 /* LinearGaugeMeterView.swift */; };
/* End PBXBuildFile section */

/* Begin PBXFileReference section */
		9747045927E7EA5000C02F81 /* MultipleProgressBar.app */ = {isa = PBXFileReference; explicitFileType = wrapper.application; includeInIndex = 0; path = MultipleProgressBar.app; sourceTree = BUILT_PRODUCTS_DIR; };
		9747045C27E7EA5000C02F81 /* MultipleProgressBarApp.swift */ = {isa = PBXFileReference; lastKnownFileType = sourcecode.swift; path = MultipleProgressBarApp.swift; sourceTree = "<group>"; };
		9747045E27E7EA5000C02F81 /* MainView.swift */ = {isa = PBXFileReference; lastKnownFileType = sourcecode.swift; path = MainView.swift; sourceTree = "<group>"; };
		9747046027E7EA5400C02F81 /* Assets.xcassets */ = {isa = PBXFileReference; lastKnownFileType = folder.assetcatalog; path = Assets.xcassets; sourceTree = "<group>"; };
		9747046327E7EA5400C02F81 /* Preview Assets.xcassets */ = {isa = PBXFileReference; lastKnownFileType = folder.assetcatalog; path = "Preview Assets.xcassets"; sourceTree = "<group>"; };
		9747046C27E7F31700C02F81 /* HomeView.swift */ = {isa = PBXFileReference; lastKnownFileType = sourcecode.swift; path = HomeView.swift; sourceTree = "<group>"; };
		9747046E27E7F35C00C02F81 /* HalvedCircularView.swift */ = {isa = PBXFileReference; lastKnownFileType = sourcecode.swift; path = HalvedCircularView.swift; sourceTree = "<group>"; };
		9747047027E7F38800C02F81 /* CircularProgessView.swift */ = {isa = PBXFileReference; lastKnownFileType = sourcecode.swift; path = CircularProgessView.swift; sourceTree = "<group>"; };
		9747047227E7F3AE00C02F81 /* RainbowGaugeView.swift */ = {isa = PBXFileReference; lastKnownFileType = sourcecode.swift; path = RainbowGaugeView.swift; sourceTree = "<group>"; };
		9747047427E7F3D200C02F81 /* RainbowSpeedMeterView.swift */ = {isa = PBXFileReference; lastKnownFileType = sourcecode.swift; path = RainbowSpeedMeterView.swift; sourceTree = "<group>"; };
		9747047627E7F45E00C02F81 /* LinearGaugeMeterView.swift */ = {isa = PBXFileReference; lastKnownFileType = sourcecode.swift; path = LinearGaugeMeterView.swift; sourceTree = "<group>"; };
/* End PBXFileReference section */

/* Begin PBXFrameworksBuildPhase section */
		9747045627E7EA5000C02F81 /* Frameworks */ = {
			isa = PBXFrameworksBuildPhase;
			buildActionMask = 2147483647;
			files = (
			);
			runOnlyForDeploymentPostprocessing = 0;
		};
/* End PBXFrameworksBuildPhase section */

/* Begin PBXGroup section */
		9747045027E7EA5000C02F81 = {
			isa = PBXGroup;
			children = (
				9747045B27E7EA5000C02F81 /* MultipleProgressBar */,
				9747045A27E7EA5000C02F81 /* Products */,
			);
			sourceTree = "<group>";
		};
		9747045A27E7EA5000C02F81 /* Products */ = {
			isa = PBXGroup;
			children = (
				9747045927E7EA5000C02F81 /* MultipleProgressBar.app */,
			);
			name = Products;
			sourceTree = "<group>";
		};
		9747045B27E7EA5000C02F81 /* MultipleProgressBar */ = {
			isa = PBXGroup;
			children = (
				9747046B27E7F2FC00C02F81 /* App */,
				9747046A27E7F2F500C02F81 /* Views */,
				9747046027E7EA5400C02F81 /* Assets.xcassets */,
				9747046227E7EA5400C02F81 /* Preview Content */,
			);
			path = MultipleProgressBar;
			sourceTree = "<group>";
		};
		9747046227E7EA5400C02F81 /* Preview Content */ = {
			isa = PBXGroup;
			children = (
				9747046327E7EA5400C02F81 /* Preview Assets.xcassets */,
			);
			path = "Preview Content";
			sourceTree = "<group>";
		};
		9747046A27E7F2F500C02F81 /* Views */ = {
			isa = PBXGroup;
			children = (
				9747045E27E7EA5000C02F81 /* MainView.swift */,
				9747046C27E7F31700C02F81 /* HomeView.swift */,
				9747046E27E7F35C00C02F81 /* HalvedCircularView.swift */,
				9747047027E7F38800C02F81 /* CircularProgessView.swift */,
				9747047227E7F3AE00C02F81 /* RainbowGaugeView.swift */,
				9747047427E7F3D200C02F81 /* RainbowSpeedMeterView.swift */,
				9747047627E7F45E00C02F81 /* LinearGaugeMeterView.swift */,
			);
			path = Views;
			sourceTree = "<group>";
		};
		9747046B27E7F2FC00C02F81 /* App */ = {
			isa = PBXGroup;
			children = (
				9747045C27E7EA5000C02F81 /* MultipleProgressBarApp.swift */,
			);
			path = App;
			sourceTree = "<group>";
		};
/* End PBXGroup section */

/* Begin PBXNativeTarget section */
		9747045827E7EA5000C02F81 /* MultipleProgressBar */ = {
			isa = PBXNativeTarget;
			buildConfigurationList = 9747046727E7EA5400C02F81 /* Build configuration list for PBXNativeTarget "MultipleProgressBar" */;
			buildPhases = (
				9747045527E7EA5000C02F81 /* Sources */,
				9747045627E7EA5000C02F81 /* Frameworks */,
				9747045727E7EA5000C02F81 /* Resources */,
			);
			buildRules = (
			);
			dependencies = (
			);
			name = MultipleProgressBar;
			productName = MultipleProgressBar;
			productReference = 9747045927E7EA5000C02F81 /* MultipleProgressBar.app */;
			productType = "com.apple.product-type.application";
		};
/* End PBXNativeTarget section */

/* Begin PBXProject section */
		9747045127E7EA5000C02F81 /* Project object */ = {
			isa = PBXProject;
			attributes = {
				BuildIndependentTargetsInParallel = 1;
				LastSwiftUpdateCheck = 1330;
				LastUpgradeCheck = 1330;
				TargetAttributes = {
					9747045827E7EA5000C02F81 = {
						CreatedOnToolsVersion = 13.3;
					};
				};
			};
			buildConfigurationList = 9747045427E7EA5000C02F81 /* Build configuration list for PBXProject "MultipleProgressBar" */;
			compatibilityVersion = "Xcode 13.0";
			developmentRegion = en;
			hasScannedForEncodings = 0;
			knownRegions = (
				en,
				Base,
			);
			mainGroup = 9747045027E7EA5000C02F81;
			productRefGroup = 9747045A27E7EA5000C02F81 /* Products */;
			projectDirPath = "";
			projectRoot = "";
			targets = (
				9747045827E7EA5000C02F81 /* MultipleProgressBar */,
			);
		};
/* End PBXProject section */

/* Begin PBXResourcesBuildPhase section */
		9747045727E7EA5000C02F81 /* Resources */ = {
			isa = PBXResourcesBuildPhase;
			buildActionMask = 2147483647;
			files = (
				9747046427E7EA5400C02F81 /* Preview Assets.xcassets in Resources */,
				9747046127E7EA5400C02F81 /* Assets.xcassets in Resources */,
			);
			runOnlyForDeploymentPostprocessing = 0;
		};
/* End PBXResourcesBuildPhase section */

/* Begin PBXSourcesBuildPhase section */
		9747045527E7EA5000C02F81 /* Sources */ = {
			isa = PBXSourcesBuildPhase;
			buildActionMask = 2147483647;
			files = (
				9747047327E7F3AE00C02F81 /* RainbowGaugeView.swift in Sources */,
				9747047727E7F45E00C02F81 /* LinearGaugeMeterView.swift in Sources */,
				9747047127E7F38800C02F81 /* CircularProgessView.swift in Sources */,
				9747047527E7F3D200C02F81 /* RainbowSpeedMeterView.swift in Sources */,
				9747046F27E7F35C00C02F81 /* HalvedCircularView.swift in Sources */,
				9747046D27E7F31700C02F81 /* HomeView.swift in Sources */,
				9747045F27E7EA5000C02F81 /* MainView.swift in Sources */,
				9747045D27E7EA5000C02F81 /* MultipleProgressBarApp.swift in Sources */,
			);
			runOnlyForDeploymentPostprocessing = 0;
		};
/* End PBXSourcesBuildPhase section */

/* Begin XCBuildConfiguration section */
		9747046527E7EA5400C02F81 /* Debug */ = {
			isa = XCBuildConfiguration;
			buildSettings = {
				ALWAYS_SEARCH_USER_PATHS = NO;
				CLANG_ANALYZER_NONNULL = YES;
				CLANG_ANALYZER_NUMBER_OBJECT_CONVERSION = YES_AGGRESSIVE;
				CLANG_CXX_LANGUAGE_STANDARD = "gnu++17";
				CLANG_ENABLE_MODULES = YES;
				CLANG_ENABLE_OBJC_ARC = YES;
				CLANG_ENABLE_OBJC_WEAK = YES;
				CLANG_WARN_BLOCK_CAPTURE_AUTORELEASING = YES;
				CLANG_WARN_BOOL_CONVERSION = YES;
				CLANG_WARN_COMMA = YES;
				CLANG_WARN_CONSTANT_CONVERSION = YES;
				CLANG_WARN_DEPRECATED_OBJC_IMPLEMENTATIONS = YES;
				CLANG_WARN_DIRECT_OBJC_ISA_USAGE = YES_ERROR;
				CLANG_WARN_DOCUMENTATION_COMMENTS = YES;
				CLANG_WARN_EMPTY_BODY = YES;
				CLANG_WARN_ENUM_CONVERSION = YES;
				CLANG_WARN_INFINITE_RECURSION = YES;
				CLANG_WARN_INT_CONVERSION = YES;
				CLANG_WARN_NON_LITERAL_NULL_CONVERSION = YES;
				CLANG_WARN_OBJC_IMPLICIT_RETAIN_SELF = YES;
				CLANG_WARN_OBJC_LITERAL_CONVERSION = YES;
				CLANG_WARN_OBJC_ROOT_CLASS = YES_ERROR;
				CLANG_WARN_QUOTED_INCLUDE_IN_FRAMEWORK_HEADER = YES;
				CLANG_WARN_RANGE_LOOP_ANALYSIS = YES;
				CLANG_WARN_STRICT_PROTOTYPES = YES;
				CLANG_WARN_SUSPICIOUS_MOVE = YES;
				CLANG_WARN_UNGUARDED_AVAILABILITY = YES_AGGRESSIVE;
				CLANG_WARN_UNREACHABLE_CODE = YES;
				CLANG_WARN__DUPLICATE_METHOD_MATCH = YES;
				COPY_PHASE_STRIP = NO;
				DEBUG_INFORMATION_FORMAT = dwarf;
				ENABLE_STRICT_OBJC_MSGSEND = YES;
				ENABLE_TESTABILITY = YES;
				GCC_C_LANGUAGE_STANDARD = gnu11;
				GCC_DYNAMIC_NO_PIC = NO;
				GCC_NO_COMMON_BLOCKS = YES;
				GCC_OPTIMIZATION_LEVEL = 0;
				GCC_PREPROCESSOR_DEFINITIONS = (
					"DEBUG=1",
					"$(inherited)",
				);
				GCC_WARN_64_TO_32_BIT_CONVERSION = YES;
				GCC_WARN_ABOUT_RETURN_TYPE = YES_ERROR;
				GCC_WARN_UNDECLARED_SELECTOR = YES;
				GCC_WARN_UNINITIALIZED_AUTOS = YES_AGGRESSIVE;
				GCC_WARN_UNUSED_FUNCTION = YES;
				GCC_WARN_UNUSED_VARIABLE = YES;
				IPHONEOS_DEPLOYMENT_TARGET = 15.4;
				MTL_ENABLE_DEBUG_INFO = INCLUDE_SOURCE;
				MTL_FAST_MATH = YES;
				ONLY_ACTIVE_ARCH = YES;
				SDKROOT = iphoneos;
				SWIFT_ACTIVE_COMPILATION_CONDITIONS = DEBUG;
				SWIFT_OPTIMIZATION_LEVEL = "-Onone";
			};
			name = Debug;
		};
		9747046627E7EA5400C02F81 /* Release */ = {
			isa = XCBuildConfiguration;
			buildSettings = {
				ALWAYS_SEARCH_USER_PATHS = NO;
				CLANG_ANALYZER_NONNULL = YES;
				CLANG_ANALYZER_NUMBER_OBJECT_CONVERSION = YES_AGGRESSIVE;
				CLANG_CXX_LANGUAGE_STANDARD = "gnu++17";
				CLANG_ENABLE_MODULES = YES;
				CLANG_ENABLE_OBJC_ARC = YES;
				CLANG_ENABLE_OBJC_WEAK = YES;
				CLANG_WARN_BLOCK_CAPTURE_AUTORELEASING = YES;
				CLANG_WARN_BOOL_CONVERSION = YES;
				CLANG_WARN_COMMA = YES;
				CLANG_WARN_CONSTANT_CONVERSION = YES;
				CLANG_WARN_DEPRECATED_OBJC_IMPLEMENTATIONS = YES;
				CLANG_WARN_DIRECT_OBJC_ISA_USAGE = YES_ERROR;
				CLANG_WARN_DOCUMENTATION_COMMENTS = YES;
				CLANG_WARN_EMPTY_BODY = YES;
				CLANG_WARN_ENUM_CONVERSION = YES;
				CLANG_WARN_INFINITE_RECURSION = YES;
				CLANG_WARN_INT_CONVERSION = YES;
				CLANG_WARN_NON_LITERAL_NULL_CONVERSION = YES;
				CLANG_WARN_OBJC_IMPLICIT_RETAIN_SELF = YES;
				CLANG_WARN_OBJC_LITERAL_CONVERSION = YES;
				CLANG_WARN_OBJC_ROOT_CLASS = YES_ERROR;
				CLANG_WARN_QUOTED_INCLUDE_IN_FRAMEWORK_HEADER = YES;
				CLANG_WARN_RANGE_LOOP_ANALYSIS = YES;
				CLANG_WARN_STRICT_PROTOTYPES = YES;
				CLANG_WARN_SUSPICIOUS_MOVE = YES;
				CLANG_WARN_UNGUARDED_AVAILABILITY = YES_AGGRESSIVE;
				CLANG_WARN_UNREACHABLE_CODE = YES;
				CLANG_WARN__DUPLICATE_METHOD_MATCH = YES;
				COPY_PHASE_STRIP = NO;
				DEBUG_INFORMATION_FORMAT = "dwarf-with-dsym";
				ENABLE_NS_ASSERTIONS = NO;
				ENABLE_STRICT_OBJC_MSGSEND = YES;
				GCC_C_LANGUAGE_STANDARD = gnu11;
				GCC_NO_COMMON_BLOCKS = YES;
				GCC_WARN_64_TO_32_BIT_CONVERSION = YES;
				GCC_WARN_ABOUT_RETURN_TYPE = YES_ERROR;
				GCC_WARN_UNDECLARED_SELECTOR = YES;
				GCC_WARN_UNINITIALIZED_AUTOS = YES_AGGRESSIVE;
				GCC_WARN_UNUSED_FUNCTION = YES;
				GCC_WARN_UNUSED_VARIABLE = YES;
				IPHONEOS_DEPLOYMENT_TARGET = 15.4;
				MTL_ENABLE_DEBUG_INFO = NO;
				MTL_FAST_MATH = YES;
				SDKROOT = iphoneos;
				SWIFT_COMPILATION_MODE = wholemodule;
				SWIFT_OPTIMIZATION_LEVEL = "-O";
				VALIDATE_PRODUCT = YES;
			};
			name = Release;
		};
		9747046827E7EA5400C02F81 /* Debug */ = {
			isa = XCBuildConfiguration;
			buildSettings = {
				ASSETCATALOG_COMPILER_APPICON_NAME = AppIcon;
				ASSETCATALOG_COMPILER_GLOBAL_ACCENT_COLOR_NAME = AccentColor;
				CODE_SIGN_STYLE = Automatic;
				CURRENT_PROJECT_VERSION = 1;
				DEVELOPMENT_ASSET_PATHS = "\"MultipleProgressBar/Preview Content\"";
				DEVELOPMENT_TEAM = T749PR32HB;
				ENABLE_PREVIEWS = YES;
				GENERATE_INFOPLIST_FILE = YES;
				INFOPLIST_KEY_UIApplicationSceneManifest_Generation = YES;
				INFOPLIST_KEY_UIApplicationSupportsIndirectInputEvents = YES;
				INFOPLIST_KEY_UILaunchScreen_Generation = YES;
				INFOPLIST_KEY_UISupportedInterfaceOrientations_iPad = "UIInterfaceOrientationPortrait UIInterfaceOrientationPortraitUpsideDown UIInterfaceOrientationLandscapeLeft UIInterfaceOrientationLandscapeRight";
				INFOPLIST_KEY_UISupportedInterfaceOrientations_iPhone = "UIInterfaceOrientationPortrait UIInterfaceOrientationLandscapeLeft UIInterfaceOrientationLandscapeRight";
				LD_RUNPATH_SEARCH_PATHS = (
					"$(inherited)",
					"@executable_path/Frameworks",
				);
				MARKETING_VERSION = 1.0;
				PRODUCT_BUNDLE_IDENTIFIER = com.rajaygms.MultipleProgressBar;
				PRODUCT_NAME = "$(TARGET_NAME)";
				SWIFT_EMIT_LOC_STRINGS = YES;
				SWIFT_VERSION = 5.0;
				TARGETED_DEVICE_FAMILY = "1,2";
			};
			name = Debug;
		};
		9747046927E7EA5400C02F81 /* Release */ = {
			isa = XCBuildConfiguration;
			buildSettings = {
				ASSETCATALOG_COMPILER_APPICON_NAME = AppIcon;
				ASSETCATALOG_COMPILER_GLOBAL_ACCENT_COLOR_NAME = AccentColor;
				CODE_SIGN_STYLE = Automatic;
				CURRENT_PROJECT_VERSION = 1;
				DEVELOPMENT_ASSET_PATHS = "\"MultipleProgressBar/Preview Content\"";
				DEVELOPMENT_TEAM = T749PR32HB;
				ENABLE_PREVIEWS = YES;
				GENERATE_INFOPLIST_FILE = YES;
				INFOPLIST_KEY_UIApplicationSceneManifest_Generation = YES;
				INFOPLIST_KEY_UIApplicationSupportsIndirectInputEvents = YES;
				INFOPLIST_KEY_UILaunchScreen_Generation = YES;
				INFOPLIST_KEY_UISupportedInterfaceOrientations_iPad = "UIInterfaceOrientationPortrait UIInterfaceOrientationPortraitUpsideDown UIInterfaceOrientationLandscapeLeft UIInterfaceOrientationLandscapeRight";
				INFOPLIST_KEY_UISupportedInterfaceOrientations_iPhone = "UIInterfaceOrientationPortrait UIInterfaceOrientationLandscapeLeft UIInterfaceOrientationLandscapeRight";
				LD_RUNPATH_SEARCH_PATHS = (
					"$(inherited)",
					"@executable_path/Frameworks",
				);
				MARKETING_VERSION = 1.0;
				PRODUCT_BUNDLE_IDENTIFIER = com.rajaygms.MultipleProgressBar;
				PRODUCT_NAME = "$(TARGET_NAME)";
				SWIFT_EMIT_LOC_STRINGS = YES;
				SWIFT_VERSION = 5.0;
				TARGETED_DEVICE_FAMILY = "1,2";
			};
			name = Release;
		};
/* End XCBuildConfiguration section */

/* Begin XCConfigurationList section */
		9747045427E7EA5000C02F81 /* Build configuration list for PBXProject "MultipleProgressBar" */ = {
			isa = XCConfigurationList;
			buildConfigurations = (
				9747046527E7EA5400C02F81 /* Debug */,
				9747046627E7EA5400C02F81 /* Release */,
			);
			defaultConfigurationIsVisible = 0;
			defaultConfigurationName = Release;
		};
		9747046727E7EA5400C02F81 /* Build configuration list for PBXNativeTarget "MultipleProgressBar" */ = {
			isa = XCConfigurationList;
			buildConfigurations = (
				9747046827E7EA5400C02F81 /* Debug */,
				9747046927E7EA5400C02F81 /* Release */,
			);
			defaultConfigurationIsVisible = 0;
			defaultConfigurationName = Release;
		};
/* End XCConfigurationList section */
	};
	rootObject = 9747045127E7EA5000C02F81 /* Project object */;
}
